// !$*UTF8*$!
{
	archiveVersion = 1;
	classes = {
	};
	objectVersion = 54;
	objects = {

/* Begin PBXBuildFile section */
		75185E4D2823215700DB5E73 /* UserSettingsConfigurator.swift in Sources */ = {isa = PBXBuildFile; fileRef = 75185E4C2823215700DB5E73 /* UserSettingsConfigurator.swift */; };
		7580C83D281C27DA002C27FB /* AppDelegate.swift in Sources */ = {isa = PBXBuildFile; fileRef = 7580C83C281C27DA002C27FB /* AppDelegate.swift */; };
		7580C83F281C27DA002C27FB /* SceneDelegate.swift in Sources */ = {isa = PBXBuildFile; fileRef = 7580C83E281C27DA002C27FB /* SceneDelegate.swift */; };
		7580C846281C27DE002C27FB /* Assets.xcassets in Resources */ = {isa = PBXBuildFile; fileRef = 7580C845281C27DE002C27FB /* Assets.xcassets */; };
		7580C849281C27DE002C27FB /* LaunchScreen.storyboard in Resources */ = {isa = PBXBuildFile; fileRef = 7580C847281C27DE002C27FB /* LaunchScreen.storyboard */; };
		7588C80E281EEA5300397315 /* UITextField+PasswordVisibilityToggle.swift in Sources */ = {isa = PBXBuildFile; fileRef = 7588C80D281EEA5300397315 /* UITextField+PasswordVisibilityToggle.swift */; };
		7588C810281EF9BD00397315 /* RegistrationDelegates.swift in Sources */ = {isa = PBXBuildFile; fileRef = 7588C80F281EF9BD00397315 /* RegistrationDelegates.swift */; };
		7588C812281EFD9900397315 /* AuthentificationReviewer.swift in Sources */ = {isa = PBXBuildFile; fileRef = 7588C811281EFD9900397315 /* AuthentificationReviewer.swift */; };
		7588C814281EFDAA00397315 /* AuthentificationReviewerImpl.swift in Sources */ = {isa = PBXBuildFile; fileRef = 7588C813281EFDAA00397315 /* AuthentificationReviewerImpl.swift */; };
		7588C81A281EFE9700397315 /* AuthentificationError.swift in Sources */ = {isa = PBXBuildFile; fileRef = 7588C819281EFE9700397315 /* AuthentificationError.swift */; };
		7588C81C281F043B00397315 /* AuthentificationCredentials.swift in Sources */ = {isa = PBXBuildFile; fileRef = 7588C81B281F043B00397315 /* AuthentificationCredentials.swift */; };
		7588C820281F0F6C00397315 /* AppKeychainAccess.swift in Sources */ = {isa = PBXBuildFile; fileRef = 7588C81F281F0F6C00397315 /* AppKeychainAccess.swift */; };
		7588C822281F10BB00397315 /* AppKeychainAccessImpl.swift in Sources */ = {isa = PBXBuildFile; fileRef = 7588C821281F10BB00397315 /* AppKeychainAccessImpl.swift */; };
		758A168228294BBF00C03646 /* UserSettingsDelegates.swift in Sources */ = {isa = PBXBuildFile; fileRef = 758A168128294BBF00C03646 /* UserSettingsDelegates.swift */; };
		758A1685282952E200C03646 /* ChangePasswordViewController.swift in Sources */ = {isa = PBXBuildFile; fileRef = 758A1684282952E200C03646 /* ChangePasswordViewController.swift */; };
		758A1687282952F100C03646 /* ChangePasswordView.swift in Sources */ = {isa = PBXBuildFile; fileRef = 758A1686282952F100C03646 /* ChangePasswordView.swift */; };
		758A16892829543E00C03646 /* ChangePasswordDelegates.swift in Sources */ = {isa = PBXBuildFile; fileRef = 758A16882829543E00C03646 /* ChangePasswordDelegates.swift */; };
		758A168C2829576700C03646 /* ChangePasswordCoordinator.swift in Sources */ = {isa = PBXBuildFile; fileRef = 758A168B2829576700C03646 /* ChangePasswordCoordinator.swift */; };
		758D8E8B282EEA5900B649D7 /* SettingsKeys.swift in Sources */ = {isa = PBXBuildFile; fileRef = 758D8E8A282EEA5900B649D7 /* SettingsKeys.swift */; };
		75B0D7362821C2A7008C8202 /* UserSettingsViewController.swift in Sources */ = {isa = PBXBuildFile; fileRef = 75B0D7352821C2A7008C8202 /* UserSettingsViewController.swift */; };
		75B0D7382821C2B3008C8202 /* UserSettingsStaticTableViewCell.swift in Sources */ = {isa = PBXBuildFile; fileRef = 75B0D7372821C2B3008C8202 /* UserSettingsStaticTableViewCell.swift */; };
		75B0D73A2821C9F7008C8202 /* UserSettingsSwitcherTableViewCell.swift in Sources */ = {isa = PBXBuildFile; fileRef = 75B0D7392821C9F7008C8202 /* UserSettingsSwitcherTableViewCell.swift */; };
		75BA14FD28203AA5006C10D1 /* KeychainAccessError.swift in Sources */ = {isa = PBXBuildFile; fileRef = 75BA14FC28203AA5006C10D1 /* KeychainAccessError.swift */; };
		75BA14FF28203FA1006C10D1 /* String+PasswordValidation.swift in Sources */ = {isa = PBXBuildFile; fileRef = 75BA14FE28203FA1006C10D1 /* String+PasswordValidation.swift */; };
		75BA15032820866A006C10D1 /* LoginDelegates.swift in Sources */ = {isa = PBXBuildFile; fileRef = 75BA15022820866A006C10D1 /* LoginDelegates.swift */; };
		75BA15072820873D006C10D1 /* LoginViewController.swift in Sources */ = {isa = PBXBuildFile; fileRef = 75BA15062820873D006C10D1 /* LoginViewController.swift */; };
		75BA15092820874C006C10D1 /* LoginView.swift in Sources */ = {isa = PBXBuildFile; fileRef = 75BA15082820874C006C10D1 /* LoginView.swift */; };
		75BC9A4328281841003A25A7 /* UserSettings.swift in Sources */ = {isa = PBXBuildFile; fileRef = 75BC9A4228281841003A25A7 /* UserSettings.swift */; };
		75C6E1DF281C3340000D2D6A /* UserFilesViewController.swift in Sources */ = {isa = PBXBuildFile; fileRef = 75C6E1DE281C3340000D2D6A /* UserFilesViewController.swift */; };
		75C6E1E1281C35A2000D2D6A /* UserFilesTableViewCell.swift in Sources */ = {isa = PBXBuildFile; fileRef = 75C6E1E0281C35A2000D2D6A /* UserFilesTableViewCell.swift */; };
		75C6E1E4281C3CA6000D2D6A /* AppFileManager.swift in Sources */ = {isa = PBXBuildFile; fileRef = 75C6E1E3281C3CA6000D2D6A /* AppFileManager.swift */; };
		75C6E1E6281C3E9B000D2D6A /* AppFileManagerImpl.swift in Sources */ = {isa = PBXBuildFile; fileRef = 75C6E1E5281C3E9B000D2D6A /* AppFileManagerImpl.swift */; };
		75C6E1EA281C42A2000D2D6A /* UserFile.swift in Sources */ = {isa = PBXBuildFile; fileRef = 75C6E1E9281C42A2000D2D6A /* UserFile.swift */; };
		75C6E1ED281C60A2000D2D6A /* UIView+AddSubviews.swift in Sources */ = {isa = PBXBuildFile; fileRef = 75C6E1EC281C60A2000D2D6A /* UIView+AddSubviews.swift */; };
		75C6E1EF281C613B000D2D6A /* Collection+SafeIndex.swift in Sources */ = {isa = PBXBuildFile; fileRef = 75C6E1EE281C613B000D2D6A /* Collection+SafeIndex.swift */; };
		75C6E1F2281C6961000D2D6A /* RegistrationViewController.swift in Sources */ = {isa = PBXBuildFile; fileRef = 75C6E1F1281C6961000D2D6A /* RegistrationViewController.swift */; };
		75C6E1F4281C69A0000D2D6A /* RegistrationView.swift in Sources */ = {isa = PBXBuildFile; fileRef = 75C6E1F3281C69A0000D2D6A /* RegistrationView.swift */; };
		75E64F1428284A61007E04F6 /* Coordinator.swift in Sources */ = {isa = PBXBuildFile; fileRef = 75E64F1328284A61007E04F6 /* Coordinator.swift */; };
		75E64F1628284A9E007E04F6 /* TabBarPage.swift in Sources */ = {isa = PBXBuildFile; fileRef = 75E64F1528284A9E007E04F6 /* TabBarPage.swift */; };
		75E64F1828284C59007E04F6 /* AppCoordinator.swift in Sources */ = {isa = PBXBuildFile; fileRef = 75E64F1728284C59007E04F6 /* AppCoordinator.swift */; };
		75E64F1A282855D0007E04F6 /* TabCoordinator.swift in Sources */ = {isa = PBXBuildFile; fileRef = 75E64F19282855D0007E04F6 /* TabCoordinator.swift */; };
		75E64F1C282857A6007E04F6 /* UserFilesCoordinator.swift in Sources */ = {isa = PBXBuildFile; fileRef = 75E64F1B282857A6007E04F6 /* UserFilesCoordinator.swift */; };
		75E64F1F282857CA007E04F6 /* UserSettingsCoordinator.swift in Sources */ = {isa = PBXBuildFile; fileRef = 75E64F1E282857CA007E04F6 /* UserSettingsCoordinator.swift */; };
		75E64F21282859DB007E04F6 /* LoginCoordinator.swift in Sources */ = {isa = PBXBuildFile; fileRef = 75E64F20282859DB007E04F6 /* LoginCoordinator.swift */; };
		75E64F2328285CA6007E04F6 /* RegistrationCoordinator.swift in Sources */ = {isa = PBXBuildFile; fileRef = 75E64F2228285CA6007E04F6 /* RegistrationCoordinator.swift */; };
		CA599D1E2BB92E0321BA3677 /* Pods_File_Manager_App.framework in Frameworks */ = {isa = PBXBuildFile; fileRef = CEFF72BD02000FAE85D82F3B /* Pods_File_Manager_App.framework */; };
/* End PBXBuildFile section */

/* Begin PBXFileReference section */
		68E1873E20AAB6EF12529458 /* Pods-File Manager App.release.xcconfig */ = {isa = PBXFileReference; includeInIndex = 1; lastKnownFileType = text.xcconfig; name = "Pods-File Manager App.release.xcconfig"; path = "Target Support Files/Pods-File Manager App/Pods-File Manager App.release.xcconfig"; sourceTree = "<group>"; };
		75185E4C2823215700DB5E73 /* UserSettingsConfigurator.swift */ = {isa = PBXFileReference; lastKnownFileType = sourcecode.swift; path = UserSettingsConfigurator.swift; sourceTree = "<group>"; };
		7580C839281C27DA002C27FB /* File Manager App.app */ = {isa = PBXFileReference; explicitFileType = wrapper.application; includeInIndex = 0; path = "File Manager App.app"; sourceTree = BUILT_PRODUCTS_DIR; };
		7580C83C281C27DA002C27FB /* AppDelegate.swift */ = {isa = PBXFileReference; lastKnownFileType = sourcecode.swift; path = AppDelegate.swift; sourceTree = "<group>"; };
		7580C83E281C27DA002C27FB /* SceneDelegate.swift */ = {isa = PBXFileReference; lastKnownFileType = sourcecode.swift; path = SceneDelegate.swift; sourceTree = "<group>"; };
		7580C845281C27DE002C27FB /* Assets.xcassets */ = {isa = PBXFileReference; lastKnownFileType = folder.assetcatalog; path = Assets.xcassets; sourceTree = "<group>"; };
		7580C848281C27DE002C27FB /* Base */ = {isa = PBXFileReference; lastKnownFileType = file.storyboard; name = Base; path = Base.lproj/LaunchScreen.storyboard; sourceTree = "<group>"; };
		7580C84A281C27DE002C27FB /* Info.plist */ = {isa = PBXFileReference; lastKnownFileType = text.plist.xml; path = Info.plist; sourceTree = "<group>"; };
		7588C80D281EEA5300397315 /* UITextField+PasswordVisibilityToggle.swift */ = {isa = PBXFileReference; lastKnownFileType = sourcecode.swift; path = "UITextField+PasswordVisibilityToggle.swift"; sourceTree = "<group>"; };
		7588C80F281EF9BD00397315 /* RegistrationDelegates.swift */ = {isa = PBXFileReference; lastKnownFileType = sourcecode.swift; path = RegistrationDelegates.swift; sourceTree = "<group>"; };
		7588C811281EFD9900397315 /* AuthentificationReviewer.swift */ = {isa = PBXFileReference; lastKnownFileType = sourcecode.swift; path = AuthentificationReviewer.swift; sourceTree = "<group>"; };
		7588C813281EFDAA00397315 /* AuthentificationReviewerImpl.swift */ = {isa = PBXFileReference; lastKnownFileType = sourcecode.swift; path = AuthentificationReviewerImpl.swift; sourceTree = "<group>"; };
		7588C819281EFE9700397315 /* AuthentificationError.swift */ = {isa = PBXFileReference; lastKnownFileType = sourcecode.swift; path = AuthentificationError.swift; sourceTree = "<group>"; };
		7588C81B281F043B00397315 /* AuthentificationCredentials.swift */ = {isa = PBXFileReference; lastKnownFileType = sourcecode.swift; path = AuthentificationCredentials.swift; sourceTree = "<group>"; };
		7588C81F281F0F6C00397315 /* AppKeychainAccess.swift */ = {isa = PBXFileReference; lastKnownFileType = sourcecode.swift; path = AppKeychainAccess.swift; sourceTree = "<group>"; };
		7588C821281F10BB00397315 /* AppKeychainAccessImpl.swift */ = {isa = PBXFileReference; lastKnownFileType = sourcecode.swift; path = AppKeychainAccessImpl.swift; sourceTree = "<group>"; };
		758A168128294BBF00C03646 /* UserSettingsDelegates.swift */ = {isa = PBXFileReference; lastKnownFileType = sourcecode.swift; path = UserSettingsDelegates.swift; sourceTree = "<group>"; };
		758A1684282952E200C03646 /* ChangePasswordViewController.swift */ = {isa = PBXFileReference; lastKnownFileType = sourcecode.swift; path = ChangePasswordViewController.swift; sourceTree = "<group>"; };
		758A1686282952F100C03646 /* ChangePasswordView.swift */ = {isa = PBXFileReference; lastKnownFileType = sourcecode.swift; path = ChangePasswordView.swift; sourceTree = "<group>"; };
		758A16882829543E00C03646 /* ChangePasswordDelegates.swift */ = {isa = PBXFileReference; lastKnownFileType = sourcecode.swift; path = ChangePasswordDelegates.swift; sourceTree = "<group>"; };
		758A168B2829576700C03646 /* ChangePasswordCoordinator.swift */ = {isa = PBXFileReference; lastKnownFileType = sourcecode.swift; path = ChangePasswordCoordinator.swift; sourceTree = "<group>"; };
		758D8E8A282EEA5900B649D7 /* SettingsKeys.swift */ = {isa = PBXFileReference; lastKnownFileType = sourcecode.swift; path = SettingsKeys.swift; sourceTree = "<group>"; };
		75B0D7352821C2A7008C8202 /* UserSettingsViewController.swift */ = {isa = PBXFileReference; lastKnownFileType = sourcecode.swift; path = UserSettingsViewController.swift; sourceTree = "<group>"; };
		75B0D7372821C2B3008C8202 /* UserSettingsStaticTableViewCell.swift */ = {isa = PBXFileReference; lastKnownFileType = sourcecode.swift; path = UserSettingsStaticTableViewCell.swift; sourceTree = "<group>"; };
		75B0D7392821C9F7008C8202 /* UserSettingsSwitcherTableViewCell.swift */ = {isa = PBXFileReference; lastKnownFileType = sourcecode.swift; path = UserSettingsSwitcherTableViewCell.swift; sourceTree = "<group>"; };
		75BA14FC28203AA5006C10D1 /* KeychainAccessError.swift */ = {isa = PBXFileReference; lastKnownFileType = sourcecode.swift; path = KeychainAccessError.swift; sourceTree = "<group>"; };
		75BA14FE28203FA1006C10D1 /* String+PasswordValidation.swift */ = {isa = PBXFileReference; lastKnownFileType = sourcecode.swift; path = "String+PasswordValidation.swift"; sourceTree = "<group>"; };
		75BA15022820866A006C10D1 /* LoginDelegates.swift */ = {isa = PBXFileReference; lastKnownFileType = sourcecode.swift; path = LoginDelegates.swift; sourceTree = "<group>"; };
		75BA15062820873D006C10D1 /* LoginViewController.swift */ = {isa = PBXFileReference; lastKnownFileType = sourcecode.swift; path = LoginViewController.swift; sourceTree = "<group>"; };
		75BA15082820874C006C10D1 /* LoginView.swift */ = {isa = PBXFileReference; lastKnownFileType = sourcecode.swift; path = LoginView.swift; sourceTree = "<group>"; };
		75BC9A4228281841003A25A7 /* UserSettings.swift */ = {isa = PBXFileReference; lastKnownFileType = sourcecode.swift; path = UserSettings.swift; sourceTree = "<group>"; };
		75C6E1DE281C3340000D2D6A /* UserFilesViewController.swift */ = {isa = PBXFileReference; lastKnownFileType = sourcecode.swift; path = UserFilesViewController.swift; sourceTree = "<group>"; };
		75C6E1E0281C35A2000D2D6A /* UserFilesTableViewCell.swift */ = {isa = PBXFileReference; lastKnownFileType = sourcecode.swift; path = UserFilesTableViewCell.swift; sourceTree = "<group>"; };
		75C6E1E3281C3CA6000D2D6A /* AppFileManager.swift */ = {isa = PBXFileReference; lastKnownFileType = sourcecode.swift; path = AppFileManager.swift; sourceTree = "<group>"; };
		75C6E1E5281C3E9B000D2D6A /* AppFileManagerImpl.swift */ = {isa = PBXFileReference; lastKnownFileType = sourcecode.swift; path = AppFileManagerImpl.swift; sourceTree = "<group>"; };
		75C6E1E9281C42A2000D2D6A /* UserFile.swift */ = {isa = PBXFileReference; lastKnownFileType = sourcecode.swift; path = UserFile.swift; sourceTree = "<group>"; };
		75C6E1EC281C60A2000D2D6A /* UIView+AddSubviews.swift */ = {isa = PBXFileReference; lastKnownFileType = sourcecode.swift; path = "UIView+AddSubviews.swift"; sourceTree = "<group>"; };
		75C6E1EE281C613B000D2D6A /* Collection+SafeIndex.swift */ = {isa = PBXFileReference; lastKnownFileType = sourcecode.swift; path = "Collection+SafeIndex.swift"; sourceTree = "<group>"; };
		75C6E1F1281C6961000D2D6A /* RegistrationViewController.swift */ = {isa = PBXFileReference; lastKnownFileType = sourcecode.swift; path = RegistrationViewController.swift; sourceTree = "<group>"; };
		75C6E1F3281C69A0000D2D6A /* RegistrationView.swift */ = {isa = PBXFileReference; lastKnownFileType = sourcecode.swift; path = RegistrationView.swift; sourceTree = "<group>"; };
		75E64F1328284A61007E04F6 /* Coordinator.swift */ = {isa = PBXFileReference; lastKnownFileType = sourcecode.swift; path = Coordinator.swift; sourceTree = "<group>"; };
		75E64F1528284A9E007E04F6 /* TabBarPage.swift */ = {isa = PBXFileReference; lastKnownFileType = sourcecode.swift; path = TabBarPage.swift; sourceTree = "<group>"; };
		75E64F1728284C59007E04F6 /* AppCoordinator.swift */ = {isa = PBXFileReference; lastKnownFileType = sourcecode.swift; path = AppCoordinator.swift; sourceTree = "<group>"; };
		75E64F19282855D0007E04F6 /* TabCoordinator.swift */ = {isa = PBXFileReference; lastKnownFileType = sourcecode.swift; path = TabCoordinator.swift; sourceTree = "<group>"; };
		75E64F1B282857A6007E04F6 /* UserFilesCoordinator.swift */ = {isa = PBXFileReference; lastKnownFileType = sourcecode.swift; path = UserFilesCoordinator.swift; sourceTree = "<group>"; };
		75E64F1E282857CA007E04F6 /* UserSettingsCoordinator.swift */ = {isa = PBXFileReference; lastKnownFileType = sourcecode.swift; path = UserSettingsCoordinator.swift; sourceTree = "<group>"; };
		75E64F20282859DB007E04F6 /* LoginCoordinator.swift */ = {isa = PBXFileReference; lastKnownFileType = sourcecode.swift; path = LoginCoordinator.swift; sourceTree = "<group>"; };
		75E64F2228285CA6007E04F6 /* RegistrationCoordinator.swift */ = {isa = PBXFileReference; lastKnownFileType = sourcecode.swift; path = RegistrationCoordinator.swift; sourceTree = "<group>"; };
		9EE28618F08EA4CDBA8E7B20 /* Pods-File Manager App.debug.xcconfig */ = {isa = PBXFileReference; includeInIndex = 1; lastKnownFileType = text.xcconfig; name = "Pods-File Manager App.debug.xcconfig"; path = "Target Support Files/Pods-File Manager App/Pods-File Manager App.debug.xcconfig"; sourceTree = "<group>"; };
		CEFF72BD02000FAE85D82F3B /* Pods_File_Manager_App.framework */ = {isa = PBXFileReference; explicitFileType = wrapper.framework; includeInIndex = 0; path = Pods_File_Manager_App.framework; sourceTree = BUILT_PRODUCTS_DIR; };
/* End PBXFileReference section */

/* Begin PBXFrameworksBuildPhase section */
		7580C836281C27DA002C27FB /* Frameworks */ = {
			isa = PBXFrameworksBuildPhase;
			buildActionMask = 2147483647;
			files = (
				CA599D1E2BB92E0321BA3677 /* Pods_File_Manager_App.framework in Frameworks */,
			);
			runOnlyForDeploymentPostprocessing = 0;
		};
/* End PBXFrameworksBuildPhase section */

/* Begin PBXGroup section */
		69ED0D10B827FA9EC8BB80A7 /* Frameworks */ = {
			isa = PBXGroup;
			children = (
				CEFF72BD02000FAE85D82F3B /* Pods_File_Manager_App.framework */,
			);
			name = Frameworks;
			sourceTree = "<group>";
		};
		75185E4A28231B2E00DB5E73 /* View */ = {
			isa = PBXGroup;
			children = (
				75B0D7352821C2A7008C8202 /* UserSettingsViewController.swift */,
				75B0D7372821C2B3008C8202 /* UserSettingsStaticTableViewCell.swift */,
				75B0D7392821C9F7008C8202 /* UserSettingsSwitcherTableViewCell.swift */,
			);
			path = View;
			sourceTree = "<group>";
		};
		75185E4B28231D8C00DB5E73 /* UserSettingsConfigurator */ = {
			isa = PBXGroup;
			children = (
				75185E4C2823215700DB5E73 /* UserSettingsConfigurator.swift */,
			);
			path = UserSettingsConfigurator;
			sourceTree = "<group>";
		};
		7580C830281C27DA002C27FB = {
			isa = PBXGroup;
			children = (
				7580C83B281C27DA002C27FB /* File Manager App */,
				7580C83A281C27DA002C27FB /* Products */,
				87A43622F163FDB3B501625C /* Pods */,
				69ED0D10B827FA9EC8BB80A7 /* Frameworks */,
			);
			sourceTree = "<group>";
		};
		7580C83A281C27DA002C27FB /* Products */ = {
			isa = PBXGroup;
			children = (
				7580C839281C27DA002C27FB /* File Manager App.app */,
			);
			name = Products;
			sourceTree = "<group>";
		};
		7580C83B281C27DA002C27FB /* File Manager App */ = {
			isa = PBXGroup;
			children = (
				75E64F1228284A3D007E04F6 /* Coordinators */,
				7580C850281C295B002C27FB /* ApplicationLayer */,
				75C6E1DC281C305E000D2D6A /* PresentationLayer */,
				7588C815281EFDD600397315 /* BusinessLogicLayer */,
				75C6E1E8281C4292000D2D6A /* Models */,
				7588C817281EFE7500397315 /* ErrorDomains */,
				75C6E1EB281C606E000D2D6A /* Helpers */,
				7580C84A281C27DE002C27FB /* Info.plist */,
			);
			path = "File Manager App";
			sourceTree = "<group>";
		};
		7580C850281C295B002C27FB /* ApplicationLayer */ = {
			isa = PBXGroup;
			children = (
				7580C83C281C27DA002C27FB /* AppDelegate.swift */,
				7580C83E281C27DA002C27FB /* SceneDelegate.swift */,
				7580C845281C27DE002C27FB /* Assets.xcassets */,
				7580C847281C27DE002C27FB /* LaunchScreen.storyboard */,
			);
			path = ApplicationLayer;
			sourceTree = "<group>";
		};
		7588C815281EFDD600397315 /* BusinessLogicLayer */ = {
			isa = PBXGroup;
			children = (
				7588C816281EFE2900397315 /* AuthentificationReviewer */,
				7588C81D281F0F3500397315 /* AppKeychainAccess */,
				75C6E1E2281C3C3F000D2D6A /* AppFileManager */,
				758D8E89282EEA3200B649D7 /* DataStorages */,
			);
			path = BusinessLogicLayer;
			sourceTree = "<group>";
		};
		7588C816281EFE2900397315 /* AuthentificationReviewer */ = {
			isa = PBXGroup;
			children = (
				7588C811281EFD9900397315 /* AuthentificationReviewer.swift */,
				7588C813281EFDAA00397315 /* AuthentificationReviewerImpl.swift */,
			);
			path = AuthentificationReviewer;
			sourceTree = "<group>";
		};
		7588C817281EFE7500397315 /* ErrorDomains */ = {
			isa = PBXGroup;
			children = (
				7588C819281EFE9700397315 /* AuthentificationError.swift */,
				75BA14FC28203AA5006C10D1 /* KeychainAccessError.swift */,
			);
			path = ErrorDomains;
			sourceTree = "<group>";
		};
		7588C81D281F0F3500397315 /* AppKeychainAccess */ = {
			isa = PBXGroup;
			children = (
				7588C81F281F0F6C00397315 /* AppKeychainAccess.swift */,
				7588C821281F10BB00397315 /* AppKeychainAccessImpl.swift */,
			);
			path = AppKeychainAccess;
			sourceTree = "<group>";
		};
		758A1683282952CD00C03646 /* ChangePassword */ = {
			isa = PBXGroup;
			children = (
				758A16882829543E00C03646 /* ChangePasswordDelegates.swift */,
				758A168A2829544400C03646 /* View */,
			);
			path = ChangePassword;
			sourceTree = "<group>";
		};
		758A168A2829544400C03646 /* View */ = {
			isa = PBXGroup;
			children = (
				758A1684282952E200C03646 /* ChangePasswordViewController.swift */,
				758A1686282952F100C03646 /* ChangePasswordView.swift */,
			);
			path = View;
			sourceTree = "<group>";
		};
		758D8E89282EEA3200B649D7 /* DataStorages */ = {
			isa = PBXGroup;
			children = (
				758D8E8A282EEA5900B649D7 /* SettingsKeys.swift */,
			);
			path = DataStorages;
			sourceTree = "<group>";
		};
		75B0D7342821C28F008C8202 /* UserSettings */ = {
			isa = PBXGroup;
			children = (
				758A168128294BBF00C03646 /* UserSettingsDelegates.swift */,
				75185E4A28231B2E00DB5E73 /* View */,
				75185E4B28231D8C00DB5E73 /* UserSettingsConfigurator */,
			);
			path = UserSettings;
			sourceTree = "<group>";
		};
		75BA15002820618D006C10D1 /* View */ = {
			isa = PBXGroup;
			children = (
				75C6E1F1281C6961000D2D6A /* RegistrationViewController.swift */,
				75C6E1F3281C69A0000D2D6A /* RegistrationView.swift */,
			);
			path = View;
			sourceTree = "<group>";
		};
		75BA1501282085D2006C10D1 /* Login */ = {
			isa = PBXGroup;
			children = (
				75BA15022820866A006C10D1 /* LoginDelegates.swift */,
				75BA15042820866E006C10D1 /* View */,
			);
			path = Login;
			sourceTree = "<group>";
		};
		75BA15042820866E006C10D1 /* View */ = {
			isa = PBXGroup;
			children = (
				75BA15062820873D006C10D1 /* LoginViewController.swift */,
				75BA15082820874C006C10D1 /* LoginView.swift */,
			);
			path = View;
			sourceTree = "<group>";
		};
		75C6E1DC281C305E000D2D6A /* PresentationLayer */ = {
			isa = PBXGroup;
			children = (
				758A1683282952CD00C03646 /* ChangePassword */,
				75BA1501282085D2006C10D1 /* Login */,
				75C6E1F0281C6919000D2D6A /* Registration */,
				75B0D7342821C28F008C8202 /* UserSettings */,
				75C6E1DD281C30F3000D2D6A /* UserFiles */,
			);
			path = PresentationLayer;
			sourceTree = "<group>";
		};
		75C6E1DD281C30F3000D2D6A /* UserFiles */ = {
			isa = PBXGroup;
			children = (
				75C6E1DE281C3340000D2D6A /* UserFilesViewController.swift */,
				75C6E1E0281C35A2000D2D6A /* UserFilesTableViewCell.swift */,
			);
			path = UserFiles;
			sourceTree = "<group>";
		};
		75C6E1E2281C3C3F000D2D6A /* AppFileManager */ = {
			isa = PBXGroup;
			children = (
				75C6E1E3281C3CA6000D2D6A /* AppFileManager.swift */,
				75C6E1E5281C3E9B000D2D6A /* AppFileManagerImpl.swift */,
			);
			path = AppFileManager;
			sourceTree = "<group>";
		};
		75C6E1E8281C4292000D2D6A /* Models */ = {
			isa = PBXGroup;
			children = (
				75BC9A4228281841003A25A7 /* UserSettings.swift */,
				75C6E1E9281C42A2000D2D6A /* UserFile.swift */,
				7588C81B281F043B00397315 /* AuthentificationCredentials.swift */,
			);
			path = Models;
			sourceTree = "<group>";
		};
		75C6E1EB281C606E000D2D6A /* Helpers */ = {
			isa = PBXGroup;
			children = (
				75C6E1EC281C60A2000D2D6A /* UIView+AddSubviews.swift */,
				75C6E1EE281C613B000D2D6A /* Collection+SafeIndex.swift */,
				7588C80D281EEA5300397315 /* UITextField+PasswordVisibilityToggle.swift */,
				75BA14FE28203FA1006C10D1 /* String+PasswordValidation.swift */,
			);
			path = Helpers;
			sourceTree = "<group>";
		};
		75C6E1F0281C6919000D2D6A /* Registration */ = {
			isa = PBXGroup;
			children = (
				7588C80F281EF9BD00397315 /* RegistrationDelegates.swift */,
				75BA15002820618D006C10D1 /* View */,
			);
			path = Registration;
			sourceTree = "<group>";
		};
		75E64F1228284A3D007E04F6 /* Coordinators */ = {
			isa = PBXGroup;
			children = (
				75E64F1328284A61007E04F6 /* Coordinator.swift */,
				75E64F25282866DC007E04F6 /* Application */,
				75E64F2828286B20007E04F6 /* Tab */,
				75E64F24282866CE007E04F6 /* Authentification */,
				75E64F27282866F8007E04F6 /* UserSettings */,
				75E64F26282866F0007E04F6 /* UserFiles */,
			);
			path = Coordinators;
			sourceTree = "<group>";
		};
		75E64F24282866CE007E04F6 /* Authentification */ = {
			isa = PBXGroup;
			children = (
				75E64F20282859DB007E04F6 /* LoginCoordinator.swift */,
				75E64F2228285CA6007E04F6 /* RegistrationCoordinator.swift */,
				758A168B2829576700C03646 /* ChangePasswordCoordinator.swift */,
			);
			path = Authentification;
			sourceTree = "<group>";
		};
		75E64F25282866DC007E04F6 /* Application */ = {
			isa = PBXGroup;
			children = (
				75E64F1728284C59007E04F6 /* AppCoordinator.swift */,
			);
			path = Application;
			sourceTree = "<group>";
		};
		75E64F26282866F0007E04F6 /* UserFiles */ = {
			isa = PBXGroup;
			children = (
				75E64F1B282857A6007E04F6 /* UserFilesCoordinator.swift */,
			);
			path = UserFiles;
			sourceTree = "<group>";
		};
		75E64F27282866F8007E04F6 /* UserSettings */ = {
			isa = PBXGroup;
			children = (
				75E64F1E282857CA007E04F6 /* UserSettingsCoordinator.swift */,
			);
			path = UserSettings;
			sourceTree = "<group>";
		};
		75E64F2828286B20007E04F6 /* Tab */ = {
			isa = PBXGroup;
			children = (
				75E64F1528284A9E007E04F6 /* TabBarPage.swift */,
				75E64F19282855D0007E04F6 /* TabCoordinator.swift */,
			);
			path = Tab;
			sourceTree = "<group>";
		};
		87A43622F163FDB3B501625C /* Pods */ = {
			isa = PBXGroup;
			children = (
				9EE28618F08EA4CDBA8E7B20 /* Pods-File Manager App.debug.xcconfig */,
				68E1873E20AAB6EF12529458 /* Pods-File Manager App.release.xcconfig */,
			);
			path = Pods;
			sourceTree = "<group>";
		};
/* End PBXGroup section */

/* Begin PBXNativeTarget section */
		7580C838281C27DA002C27FB /* File Manager App */ = {
			isa = PBXNativeTarget;
			buildConfigurationList = 7580C84D281C27DE002C27FB /* Build configuration list for PBXNativeTarget "File Manager App" */;
			buildPhases = (
				0EED8B9FC43B9F8B4F203CB2 /* [CP] Check Pods Manifest.lock */,
				7580C835281C27DA002C27FB /* Sources */,
				7580C836281C27DA002C27FB /* Frameworks */,
				7580C837281C27DA002C27FB /* Resources */,
				4F246B06E0F42C1A7C089B61 /* [CP] Embed Pods Frameworks */,
			);
			buildRules = (
			);
			dependencies = (
			);
			name = "File Manager App";
			productName = "File Manager App";
			productReference = 7580C839281C27DA002C27FB /* File Manager App.app */;
			productType = "com.apple.product-type.application";
		};
/* End PBXNativeTarget section */

/* Begin PBXProject section */
		7580C831281C27DA002C27FB /* Project object */ = {
			isa = PBXProject;
			attributes = {
				BuildIndependentTargetsInParallel = 1;
				LastSwiftUpdateCheck = 1330;
				LastUpgradeCheck = 1330;
				TargetAttributes = {
					7580C838281C27DA002C27FB = {
						CreatedOnToolsVersion = 13.3.1;
					};
				};
			};
			buildConfigurationList = 7580C834281C27DA002C27FB /* Build configuration list for PBXProject "File Manager App" */;
			compatibilityVersion = "Xcode 12.0";
			developmentRegion = en;
			hasScannedForEncodings = 0;
			knownRegions = (
				en,
				Base,
			);
			mainGroup = 7580C830281C27DA002C27FB;
			productRefGroup = 7580C83A281C27DA002C27FB /* Products */;
			projectDirPath = "";
			projectRoot = "";
			targets = (
				7580C838281C27DA002C27FB /* File Manager App */,
			);
		};
/* End PBXProject section */

/* Begin PBXResourcesBuildPhase section */
		7580C837281C27DA002C27FB /* Resources */ = {
			isa = PBXResourcesBuildPhase;
			buildActionMask = 2147483647;
			files = (
				7580C849281C27DE002C27FB /* LaunchScreen.storyboard in Resources */,
				7580C846281C27DE002C27FB /* Assets.xcassets in Resources */,
			);
			runOnlyForDeploymentPostprocessing = 0;
		};
/* End PBXResourcesBuildPhase section */

/* Begin PBXShellScriptBuildPhase section */
		0EED8B9FC43B9F8B4F203CB2 /* [CP] Check Pods Manifest.lock */ = {
			isa = PBXShellScriptBuildPhase;
			buildActionMask = 2147483647;
			files = (
			);
			inputFileListPaths = (
			);
			inputPaths = (
				"${PODS_PODFILE_DIR_PATH}/Podfile.lock",
				"${PODS_ROOT}/Manifest.lock",
			);
			name = "[CP] Check Pods Manifest.lock";
			outputFileListPaths = (
			);
			outputPaths = (
				"$(DERIVED_FILE_DIR)/Pods-File Manager App-checkManifestLockResult.txt",
			);
			runOnlyForDeploymentPostprocessing = 0;
			shellPath = /bin/sh;
			shellScript = "diff \"${PODS_PODFILE_DIR_PATH}/Podfile.lock\" \"${PODS_ROOT}/Manifest.lock\" > /dev/null\nif [ $? != 0 ] ; then\n    # print error to STDERR\n    echo \"error: The sandbox is not in sync with the Podfile.lock. Run 'pod install' or update your CocoaPods installation.\" >&2\n    exit 1\nfi\n# This output is used by Xcode 'outputs' to avoid re-running this script phase.\necho \"SUCCESS\" > \"${SCRIPT_OUTPUT_FILE_0}\"\n";
			showEnvVarsInLog = 0;
		};
		4F246B06E0F42C1A7C089B61 /* [CP] Embed Pods Frameworks */ = {
			isa = PBXShellScriptBuildPhase;
			buildActionMask = 2147483647;
			files = (
			);
			inputFileListPaths = (
				"${PODS_ROOT}/Target Support Files/Pods-File Manager App/Pods-File Manager App-frameworks-${CONFIGURATION}-input-files.xcfilelist",
			);
			name = "[CP] Embed Pods Frameworks";
			outputFileListPaths = (
				"${PODS_ROOT}/Target Support Files/Pods-File Manager App/Pods-File Manager App-frameworks-${CONFIGURATION}-output-files.xcfilelist",
			);
			runOnlyForDeploymentPostprocessing = 0;
			shellPath = /bin/sh;
			shellScript = "\"${PODS_ROOT}/Target Support Files/Pods-File Manager App/Pods-File Manager App-frameworks.sh\"\n";
			showEnvVarsInLog = 0;
		};
/* End PBXShellScriptBuildPhase section */

/* Begin PBXSourcesBuildPhase section */
		7580C835281C27DA002C27FB /* Sources */ = {
			isa = PBXSourcesBuildPhase;
			buildActionMask = 2147483647;
			files = (
				75E64F1828284C59007E04F6 /* AppCoordinator.swift in Sources */,
				758A168C2829576700C03646 /* ChangePasswordCoordinator.swift in Sources */,
				7588C814281EFDAA00397315 /* AuthentificationReviewerImpl.swift in Sources */,
				7588C80E281EEA5300397315 /* UITextField+PasswordVisibilityToggle.swift in Sources */,
				758A1687282952F100C03646 /* ChangePasswordView.swift in Sources */,
				75C6E1ED281C60A2000D2D6A /* UIView+AddSubviews.swift in Sources */,
				75E64F1A282855D0007E04F6 /* TabCoordinator.swift in Sources */,
				75BA15072820873D006C10D1 /* LoginViewController.swift in Sources */,
				758A168228294BBF00C03646 /* UserSettingsDelegates.swift in Sources */,
				75C6E1E1281C35A2000D2D6A /* UserFilesTableViewCell.swift in Sources */,
				7588C812281EFD9900397315 /* AuthentificationReviewer.swift in Sources */,
				75E64F21282859DB007E04F6 /* LoginCoordinator.swift in Sources */,
				75BA15092820874C006C10D1 /* LoginView.swift in Sources */,
				75C6E1E6281C3E9B000D2D6A /* AppFileManagerImpl.swift in Sources */,
				7588C822281F10BB00397315 /* AppKeychainAccessImpl.swift in Sources */,
				75C6E1F2281C6961000D2D6A /* RegistrationViewController.swift in Sources */,
				75BA14FD28203AA5006C10D1 /* KeychainAccessError.swift in Sources */,
				7588C820281F0F6C00397315 /* AppKeychainAccess.swift in Sources */,
				75C6E1EA281C42A2000D2D6A /* UserFile.swift in Sources */,
				75E64F1F282857CA007E04F6 /* UserSettingsCoordinator.swift in Sources */,
				75BC9A4328281841003A25A7 /* UserSettings.swift in Sources */,
				75E64F1C282857A6007E04F6 /* UserFilesCoordinator.swift in Sources */,
				7588C81C281F043B00397315 /* AuthentificationCredentials.swift in Sources */,
				7588C810281EF9BD00397315 /* RegistrationDelegates.swift in Sources */,
				75C6E1F4281C69A0000D2D6A /* RegistrationView.swift in Sources */,
				75B0D7362821C2A7008C8202 /* UserSettingsViewController.swift in Sources */,
				75B0D73A2821C9F7008C8202 /* UserSettingsSwitcherTableViewCell.swift in Sources */,
				75E64F1628284A9E007E04F6 /* TabBarPage.swift in Sources */,
				75BA15032820866A006C10D1 /* LoginDelegates.swift in Sources */,
				75C6E1EF281C613B000D2D6A /* Collection+SafeIndex.swift in Sources */,
				75185E4D2823215700DB5E73 /* UserSettingsConfigurator.swift in Sources */,
				75C6E1DF281C3340000D2D6A /* UserFilesViewController.swift in Sources */,
				758D8E8B282EEA5900B649D7 /* SettingsKeys.swift in Sources */,
				75E64F1428284A61007E04F6 /* Coordinator.swift in Sources */,
				75BA14FF28203FA1006C10D1 /* String+PasswordValidation.swift in Sources */,
				758A1685282952E200C03646 /* ChangePasswordViewController.swift in Sources */,
				7580C83D281C27DA002C27FB /* AppDelegate.swift in Sources */,
				75E64F2328285CA6007E04F6 /* RegistrationCoordinator.swift in Sources */,
				75C6E1E4281C3CA6000D2D6A /* AppFileManager.swift in Sources */,
				7580C83F281C27DA002C27FB /* SceneDelegate.swift in Sources */,
				75B0D7382821C2B3008C8202 /* UserSettingsStaticTableViewCell.swift in Sources */,
				7588C81A281EFE9700397315 /* AuthentificationError.swift in Sources */,
				758A16892829543E00C03646 /* ChangePasswordDelegates.swift in Sources */,
			);
			runOnlyForDeploymentPostprocessing = 0;
		};
/* End PBXSourcesBuildPhase section */

/* Begin PBXVariantGroup section */
		7580C847281C27DE002C27FB /* LaunchScreen.storyboard */ = {
			isa = PBXVariantGroup;
			children = (
				7580C848281C27DE002C27FB /* Base */,
			);
			name = LaunchScreen.storyboard;
			sourceTree = "<group>";
		};
/* End PBXVariantGroup section */

/* Begin XCBuildConfiguration section */
		7580C84B281C27DE002C27FB /* Debug */ = {
			isa = XCBuildConfiguration;
			buildSettings = {
				ALWAYS_SEARCH_USER_PATHS = NO;
				CLANG_ANALYZER_NONNULL = YES;
				CLANG_ANALYZER_NUMBER_OBJECT_CONVERSION = YES_AGGRESSIVE;
				CLANG_CXX_LANGUAGE_STANDARD = "gnu++17";
				CLANG_ENABLE_MODULES = YES;
				CLANG_ENABLE_OBJC_ARC = YES;
				CLANG_ENABLE_OBJC_WEAK = YES;
				CLANG_WARN_BLOCK_CAPTURE_AUTORELEASING = YES;
				CLANG_WARN_BOOL_CONVERSION = YES;
				CLANG_WARN_COMMA = YES;
				CLANG_WARN_CONSTANT_CONVERSION = YES;
				CLANG_WARN_DEPRECATED_OBJC_IMPLEMENTATIONS = YES;
				CLANG_WARN_DIRECT_OBJC_ISA_USAGE = YES_ERROR;
				CLANG_WARN_DOCUMENTATION_COMMENTS = YES;
				CLANG_WARN_EMPTY_BODY = YES;
				CLANG_WARN_ENUM_CONVERSION = YES;
				CLANG_WARN_INFINITE_RECURSION = YES;
				CLANG_WARN_INT_CONVERSION = YES;
				CLANG_WARN_NON_LITERAL_NULL_CONVERSION = YES;
				CLANG_WARN_OBJC_IMPLICIT_RETAIN_SELF = YES;
				CLANG_WARN_OBJC_LITERAL_CONVERSION = YES;
				CLANG_WARN_OBJC_ROOT_CLASS = YES_ERROR;
				CLANG_WARN_QUOTED_INCLUDE_IN_FRAMEWORK_HEADER = YES;
				CLANG_WARN_RANGE_LOOP_ANALYSIS = YES;
				CLANG_WARN_STRICT_PROTOTYPES = YES;
				CLANG_WARN_SUSPICIOUS_MOVE = YES;
				CLANG_WARN_UNGUARDED_AVAILABILITY = YES_AGGRESSIVE;
				CLANG_WARN_UNREACHABLE_CODE = YES;
				CLANG_WARN__DUPLICATE_METHOD_MATCH = YES;
				COPY_PHASE_STRIP = NO;
				DEBUG_INFORMATION_FORMAT = dwarf;
				ENABLE_STRICT_OBJC_MSGSEND = YES;
				ENABLE_TESTABILITY = YES;
				GCC_C_LANGUAGE_STANDARD = gnu11;
				GCC_DYNAMIC_NO_PIC = NO;
				GCC_NO_COMMON_BLOCKS = YES;
				GCC_OPTIMIZATION_LEVEL = 0;
				GCC_PREPROCESSOR_DEFINITIONS = (
					"DEBUG=1",
					"$(inherited)",
				);
				GCC_WARN_64_TO_32_BIT_CONVERSION = YES;
				GCC_WARN_ABOUT_RETURN_TYPE = YES_ERROR;
				GCC_WARN_UNDECLARED_SELECTOR = YES;
				GCC_WARN_UNINITIALIZED_AUTOS = YES_AGGRESSIVE;
				GCC_WARN_UNUSED_FUNCTION = YES;
				GCC_WARN_UNUSED_VARIABLE = YES;
				IPHONEOS_DEPLOYMENT_TARGET = 13.0;
				MTL_ENABLE_DEBUG_INFO = INCLUDE_SOURCE;
				MTL_FAST_MATH = YES;
				ONLY_ACTIVE_ARCH = YES;
				SDKROOT = iphoneos;
				SWIFT_ACTIVE_COMPILATION_CONDITIONS = DEBUG;
				SWIFT_OPTIMIZATION_LEVEL = "-Onone";
			};
			name = Debug;
		};
		7580C84C281C27DE002C27FB /* Release */ = {
			isa = XCBuildConfiguration;
			buildSettings = {
				ALWAYS_SEARCH_USER_PATHS = NO;
				CLANG_ANALYZER_NONNULL = YES;
				CLANG_ANALYZER_NUMBER_OBJECT_CONVERSION = YES_AGGRESSIVE;
				CLANG_CXX_LANGUAGE_STANDARD = "gnu++17";
				CLANG_ENABLE_MODULES = YES;
				CLANG_ENABLE_OBJC_ARC = YES;
				CLANG_ENABLE_OBJC_WEAK = YES;
				CLANG_WARN_BLOCK_CAPTURE_AUTORELEASING = YES;
				CLANG_WARN_BOOL_CONVERSION = YES;
				CLANG_WARN_COMMA = YES;
				CLANG_WARN_CONSTANT_CONVERSION = YES;
				CLANG_WARN_DEPRECATED_OBJC_IMPLEMENTATIONS = YES;
				CLANG_WARN_DIRECT_OBJC_ISA_USAGE = YES_ERROR;
				CLANG_WARN_DOCUMENTATION_COMMENTS = YES;
				CLANG_WARN_EMPTY_BODY = YES;
				CLANG_WARN_ENUM_CONVERSION = YES;
				CLANG_WARN_INFINITE_RECURSION = YES;
				CLANG_WARN_INT_CONVERSION = YES;
				CLANG_WARN_NON_LITERAL_NULL_CONVERSION = YES;
				CLANG_WARN_OBJC_IMPLICIT_RETAIN_SELF = YES;
				CLANG_WARN_OBJC_LITERAL_CONVERSION = YES;
				CLANG_WARN_OBJC_ROOT_CLASS = YES_ERROR;
				CLANG_WARN_QUOTED_INCLUDE_IN_FRAMEWORK_HEADER = YES;
				CLANG_WARN_RANGE_LOOP_ANALYSIS = YES;
				CLANG_WARN_STRICT_PROTOTYPES = YES;
				CLANG_WARN_SUSPICIOUS_MOVE = YES;
				CLANG_WARN_UNGUARDED_AVAILABILITY = YES_AGGRESSIVE;
				CLANG_WARN_UNREACHABLE_CODE = YES;
				CLANG_WARN__DUPLICATE_METHOD_MATCH = YES;
				COPY_PHASE_STRIP = NO;
				DEBUG_INFORMATION_FORMAT = "dwarf-with-dsym";
				ENABLE_NS_ASSERTIONS = NO;
				ENABLE_STRICT_OBJC_MSGSEND = YES;
				GCC_C_LANGUAGE_STANDARD = gnu11;
				GCC_NO_COMMON_BLOCKS = YES;
				GCC_WARN_64_TO_32_BIT_CONVERSION = YES;
				GCC_WARN_ABOUT_RETURN_TYPE = YES_ERROR;
				GCC_WARN_UNDECLARED_SELECTOR = YES;
				GCC_WARN_UNINITIALIZED_AUTOS = YES_AGGRESSIVE;
				GCC_WARN_UNUSED_FUNCTION = YES;
				GCC_WARN_UNUSED_VARIABLE = YES;
				IPHONEOS_DEPLOYMENT_TARGET = 13.0;
				MTL_ENABLE_DEBUG_INFO = NO;
				MTL_FAST_MATH = YES;
				SDKROOT = iphoneos;
				SWIFT_COMPILATION_MODE = wholemodule;
				SWIFT_OPTIMIZATION_LEVEL = "-O";
				VALIDATE_PRODUCT = YES;
			};
			name = Release;
		};
		7580C84E281C27DE002C27FB /* Debug */ = {
			isa = XCBuildConfiguration;
			baseConfigurationReference = 9EE28618F08EA4CDBA8E7B20 /* Pods-File Manager App.debug.xcconfig */;
			buildSettings = {
				ASSETCATALOG_COMPILER_APPICON_NAME = AppIcon;
				ASSETCATALOG_COMPILER_GLOBAL_ACCENT_COLOR_NAME = AccentColor;
				CODE_SIGN_STYLE = Automatic;
				CURRENT_PROJECT_VERSION = 1;
				DEVELOPMENT_TEAM = 7FBKGHVJBQ;
				GENERATE_INFOPLIST_FILE = YES;
				INFOPLIST_FILE = "File Manager App/Info.plist";
				INFOPLIST_KEY_UIApplicationSupportsIndirectInputEvents = YES;
				INFOPLIST_KEY_UILaunchStoryboardName = LaunchScreen;
				INFOPLIST_KEY_UISupportedInterfaceOrientations = UIInterfaceOrientationPortrait;
				INFOPLIST_KEY_UISupportedInterfaceOrientations_iPad = "UIInterfaceOrientationPortrait UIInterfaceOrientationPortraitUpsideDown UIInterfaceOrientationLandscapeLeft UIInterfaceOrientationLandscapeRight";
				INFOPLIST_KEY_UISupportedInterfaceOrientations_iPhone = "UIInterfaceOrientationPortrait UIInterfaceOrientationLandscapeLeft UIInterfaceOrientationLandscapeRight";
				IPHONEOS_DEPLOYMENT_TARGET = 13.0;
				LD_RUNPATH_SEARCH_PATHS = (
					"$(inherited)",
					"@executable_path/Frameworks",
				);
				MARKETING_VERSION = 1.0;
				PRODUCT_BUNDLE_IDENTIFIER = "com.arthurraff.File-Manager-App";
				PRODUCT_NAME = "$(TARGET_NAME)";
				SWIFT_EMIT_LOC_STRINGS = YES;
				SWIFT_VERSION = 5.0;
				TARGETED_DEVICE_FAMILY = "1,2";
			};
			name = Debug;
		};
		7580C84F281C27DE002C27FB /* Release */ = {
			isa = XCBuildConfiguration;
			baseConfigurationReference = 68E1873E20AAB6EF12529458 /* Pods-File Manager App.release.xcconfig */;
			buildSettings = {
				ASSETCATALOG_COMPILER_APPICON_NAME = AppIcon;
				ASSETCATALOG_COMPILER_GLOBAL_ACCENT_COLOR_NAME = AccentColor;
				CODE_SIGN_STYLE = Automatic;
				CURRENT_PROJECT_VERSION = 1;
				DEVELOPMENT_TEAM = 7FBKGHVJBQ;
				GENERATE_INFOPLIST_FILE = YES;
				INFOPLIST_FILE = "File Manager App/Info.plist";
				INFOPLIST_KEY_UIApplicationSupportsIndirectInputEvents = YES;
				INFOPLIST_KEY_UILaunchStoryboardName = LaunchScreen;
				INFOPLIST_KEY_UISupportedInterfaceOrientations = UIInterfaceOrientationPortrait;
				INFOPLIST_KEY_UISupportedInterfaceOrientations_iPad = "UIInterfaceOrientationPortrait UIInterfaceOrientationPortraitUpsideDown UIInterfaceOrientationLandscapeLeft UIInterfaceOrientationLandscapeRight";
				INFOPLIST_KEY_UISupportedInterfaceOrientations_iPhone = "UIInterfaceOrientationPortrait UIInterfaceOrientationLandscapeLeft UIInterfaceOrientationLandscapeRight";
				IPHONEOS_DEPLOYMENT_TARGET = 13.0;
				LD_RUNPATH_SEARCH_PATHS = (
					"$(inherited)",
					"@executable_path/Frameworks",
				);
				MARKETING_VERSION = 1.0;
				PRODUCT_BUNDLE_IDENTIFIER = "com.arthurraff.File-Manager-App";
				PRODUCT_NAME = "$(TARGET_NAME)";
				SWIFT_EMIT_LOC_STRINGS = YES;
				SWIFT_VERSION = 5.0;
				TARGETED_DEVICE_FAMILY = "1,2";
			};
			name = Release;
		};
/* End XCBuildConfiguration section */

/* Begin XCConfigurationList section */
		7580C834281C27DA002C27FB /* Build configuration list for PBXProject "File Manager App" */ = {
			isa = XCConfigurationList;
			buildConfigurations = (
				7580C84B281C27DE002C27FB /* Debug */,
				7580C84C281C27DE002C27FB /* Release */,
			);
			defaultConfigurationIsVisible = 0;
			defaultConfigurationName = Release;
		};
		7580C84D281C27DE002C27FB /* Build configuration list for PBXNativeTarget "File Manager App" */ = {
			isa = XCConfigurationList;
			buildConfigurations = (
				7580C84E281C27DE002C27FB /* Debug */,
				7580C84F281C27DE002C27FB /* Release */,
			);
			defaultConfigurationIsVisible = 0;
			defaultConfigurationName = Release;
		};
/* End XCConfigurationList section */
	};
	rootObject = 7580C831281C27DA002C27FB /* Project object */;
}
